
Microsoft Visual Studio Solution File, Format Version 12.00
# Visual Studio 15
VisualStudioVersion = 15.0.28307.1062
MinimumVisualStudioVersion = 10.0.40219.1
Project("{FAE04EC0-301F-11D3-BF4B-00C04F79EFBC}") = "SmartRayND", "SmartRayND\SmartRayND.csproj", "{2AE09B26-C1D9-4DCF-91AA-728AD24DDDB8}"
EndProject
Project("{FAE04EC0-301F-11D3-BF4B-00C04F79EFBC}") = "DebugLibrary", "DebugLibrary\DebugLibrary.csproj", "{B6A6DB14-D92E-4C30-90B7-032C982FDAFB}"
EndProject
Project("{FAE04EC0-301F-11D3-BF4B-00C04F79EFBC}") = "Entity", "Entity\Entity.csproj", "{BB014A1B-16B2-401A-8284-C5760FF8B503}"
EndProject
Global
	GlobalSection(SolutionConfigurationPlatforms) = preSolution
		Debug|Any CPU = Debug|Any CPU
		Release|Any CPU = Release|Any CPU
	EndGlobalSection
	GlobalSection(ProjectConfigurationPlatforms) = postSolution
		{2AE09B26-C1D9-4DCF-91AA-728AD24DDDB8}.Debug|Any CPU.ActiveCfg = Debug|Any CPU
		{2AE09B26-C1D9-4DCF-91AA-728AD24DDDB8}.Debug|Any CPU.Build.0 = Debug|Any CPU
		{2AE09B26-C1D9-4DCF-91AA-728AD24DDDB8}.Release|Any CPU.ActiveCfg = Release|Any CPU
		{2AE09B26-C1D9-4DCF-91AA-728AD24DDDB8}.Release|Any CPU.Build.0 = Release|Any CPU
		{B6A6DB14-D92E-4C30-90B7-032C982FDAFB}.Debug|Any CPU.ActiveCfg = Debug|Any CPU
		{B6A6DB14-D92E-4C30-90B7-032C982FDAFB}.Debug|Any CPU.Build.0 = Debug|Any CPU
		{B6A6DB14-D92E-4C30-90B7-032C982FDAFB}.Release|Any CPU.ActiveCfg = Release|Any CPU
		{B6A6DB14-D92E-4C30-90B7-032C982FDAFB}.Release|Any CPU.Build.0 = Release|Any CPU
		{BB014A1B-16B2-401A-8284-C5760FF8B503}.Debug|Any CPU.ActiveCfg = Debug|Any CPU
		{BB014A1B-16B2-401A-8284-C5760FF8B503}.Debug|Any CPU.Build.0 = Debug|Any CPU
		{BB014A1B-16B2-401A-8284-C5760FF8B503}.Release|Any CPU.ActiveCfg = Release|Any CPU
		{BB014A1B-16B2-401A-8284-C5760FF8B503}.Release|Any CPU.Build.0 = Release|Any CPU
	EndGlobalSection
	GlobalSection(SolutionProperties) = preSolution
		HideSolutionNode = FALSE
	EndGlobalSection
	GlobalSection(ExtensibilityGlobals) = postSolution
		SolutionGuid = {7E386FC4-6804-4194-9034-01404E057AF4}
	EndGlobalSection
EndGlobal
